{
  "requires": true,
  "lockfileVersion": 1,
  "dependencies": {
    "amcharts3": {
      "version": "3.21.12",
      "resolved": "https://registry.npmjs.org/amcharts3/-/amcharts3-3.21.12.tgz",
      "integrity": "sha1-jCtZKpRAWTLAePRhlEyEeosomAY="
    },
    "amstock3": {
      "version": "3.21.12",
      "resolved": "https://registry.npmjs.org/amstock3/-/amstock3-3.21.12.tgz",
      "integrity": "sha1-LVnVXyJV0sDb7XRSQyPSGY7bjms="
    }
  }
}
